{
  "name": "PokerForum",
  "lockfileVersion": 3,
  "requires": true,
  "packages": {
    "": {
      "dependencies": {
        "@mantine/hooks": "^8.2.5"
      }
    },
    "node_modules/@mantine/hooks": {
      "version": "8.2.5",
      "resolved": "https://registry.npmjs.org/@mantine/hooks/-/hooks-8.2.5.tgz",
      "integrity": "sha512-uIB7CN+isRZs81JrpcdOd/EmtReC3aMmOXCfuy55jlCLcWN374O5p2Ht+lC1FDk9+r5pFhw9iMzqMv5P0rbZAw==",
      "peerDependencies": {
        "react": "^18.x || ^19.x"
      }
    },
    "node_modules/react": {
      "version": "19.1.1",
      "resolved": "https://registry.npmjs.org/react/-/react-19.1.1.tgz",
      "integrity": "sha512-w8nqGImo45dmMIfljjMwOGtbmC/mk4CMYhWIicdSflH91J9TyCyczcPFXJzrZ/ZXcgGRFeP6BU0BEJTw6tZdfQ==",
      "peer": true,
      "engines": {
        "node": ">=0.10.0"
      }
    }
  }
}
